// !$*UTF8*$!
{
	archiveVersion = 1;
	classes = {
	};
	objectVersion = 55;
	objects = {

/* Begin PBXBuildFile section */
		4715BF1E27DF075000512D15 /* GoogleService-Info.plist in Resources */ = {isa = PBXBuildFile; fileRef = 4715BF1D27DF075000512D15 /* GoogleService-Info.plist */; };
		4715BF2027DF090A00512D15 /* AuthManager.swift in Sources */ = {isa = PBXBuildFile; fileRef = 4715BF1F27DF090A00512D15 /* AuthManager.swift */; };
		471C68CB27D4F51600B12B71 /* AppDelegate.swift in Sources */ = {isa = PBXBuildFile; fileRef = 471C68CA27D4F51600B12B71 /* AppDelegate.swift */; };
		471C68CD27D4F51600B12B71 /* SceneDelegate.swift in Sources */ = {isa = PBXBuildFile; fileRef = 471C68CC27D4F51600B12B71 /* SceneDelegate.swift */; };
		471C68CF27D4F51600B12B71 /* ViewController.swift in Sources */ = {isa = PBXBuildFile; fileRef = 471C68CE27D4F51600B12B71 /* ViewController.swift */; };
		471C68D427D4F51700B12B71 /* Assets.xcassets in Resources */ = {isa = PBXBuildFile; fileRef = 471C68D327D4F51700B12B71 /* Assets.xcassets */; };
		471C68D727D4F51700B12B71 /* LaunchScreen.storyboard in Resources */ = {isa = PBXBuildFile; fileRef = 471C68D527D4F51700B12B71 /* LaunchScreen.storyboard */; };
		471C68E027D4F55D00B12B71 /* extension.swift in Sources */ = {isa = PBXBuildFile; fileRef = 471C68DF27D4F55D00B12B71 /* extension.swift */; };
		471C68E727D4F6E500B12B71 /* Model.swift in Sources */ = {isa = PBXBuildFile; fileRef = 471C68E627D4F6E500B12B71 /* Model.swift */; };
		471C68E927D4F6F400B12B71 /* ViewModel.swift in Sources */ = {isa = PBXBuildFile; fileRef = 471C68E827D4F6F400B12B71 /* ViewModel.swift */; };
		6252D8379984386E00A8119B /* libPods-Coffee_Cast..a in Frameworks */ = {isa = PBXBuildFile; fileRef = 57B70A7B9E3D0CB870A0B663 /* libPods-Coffee_Cast..a */; };
/* End PBXBuildFile section */

/* Begin PBXFileReference section */
		4715BF1D27DF075000512D15 /* GoogleService-Info.plist */ = {isa = PBXFileReference; fileEncoding = 4; lastKnownFileType = text.plist.xml; path = "GoogleService-Info.plist"; sourceTree = "<group>"; };
		4715BF1F27DF090A00512D15 /* AuthManager.swift */ = {isa = PBXFileReference; lastKnownFileType = sourcecode.swift; path = AuthManager.swift; sourceTree = "<group>"; };
		471C68C727D4F51600B12B71 /* Coffee_Cast..app */ = {isa = PBXFileReference; explicitFileType = wrapper.application; includeInIndex = 0; path = Coffee_Cast..app; sourceTree = BUILT_PRODUCTS_DIR; };
		471C68CA27D4F51600B12B71 /* AppDelegate.swift */ = {isa = PBXFileReference; lastKnownFileType = sourcecode.swift; path = AppDelegate.swift; sourceTree = "<group>"; };
		471C68CC27D4F51600B12B71 /* SceneDelegate.swift */ = {isa = PBXFileReference; lastKnownFileType = sourcecode.swift; path = SceneDelegate.swift; sourceTree = "<group>"; };
		471C68CE27D4F51600B12B71 /* ViewController.swift */ = {isa = PBXFileReference; lastKnownFileType = sourcecode.swift; path = ViewController.swift; sourceTree = "<group>"; };
		471C68D327D4F51700B12B71 /* Assets.xcassets */ = {isa = PBXFileReference; lastKnownFileType = folder.assetcatalog; path = Assets.xcassets; sourceTree = "<group>"; };
		471C68D627D4F51700B12B71 /* Base */ = {isa = PBXFileReference; lastKnownFileType = file.storyboard; name = Base; path = Base.lproj/LaunchScreen.storyboard; sourceTree = "<group>"; };
		471C68D827D4F51700B12B71 /* Info.plist */ = {isa = PBXFileReference; lastKnownFileType = text.plist.xml; path = Info.plist; sourceTree = "<group>"; };
		471C68DF27D4F55D00B12B71 /* extension.swift */ = {isa = PBXFileReference; lastKnownFileType = sourcecode.swift; path = extension.swift; sourceTree = "<group>"; };
		471C68E627D4F6E500B12B71 /* Model.swift */ = {isa = PBXFileReference; lastKnownFileType = sourcecode.swift; path = Model.swift; sourceTree = "<group>"; };
		471C68E827D4F6F400B12B71 /* ViewModel.swift */ = {isa = PBXFileReference; lastKnownFileType = sourcecode.swift; path = ViewModel.swift; sourceTree = "<group>"; };
		57B70A7B9E3D0CB870A0B663 /* libPods-Coffee_Cast..a */ = {isa = PBXFileReference; explicitFileType = archive.ar; includeInIndex = 0; path = "libPods-Coffee_Cast..a"; sourceTree = BUILT_PRODUCTS_DIR; };
		E8FFF1AAA739014B40884B4B /* Pods-Coffee_Cast..release.xcconfig */ = {isa = PBXFileReference; includeInIndex = 1; lastKnownFileType = text.xcconfig; name = "Pods-Coffee_Cast..release.xcconfig"; path = "Target Support Files/Pods-Coffee_Cast./Pods-Coffee_Cast..release.xcconfig"; sourceTree = "<group>"; };
		FF7398AF98E0F06554697F06 /* Pods-Coffee_Cast..debug.xcconfig */ = {isa = PBXFileReference; includeInIndex = 1; lastKnownFileType = text.xcconfig; name = "Pods-Coffee_Cast..debug.xcconfig"; path = "Target Support Files/Pods-Coffee_Cast./Pods-Coffee_Cast..debug.xcconfig"; sourceTree = "<group>"; };
/* End PBXFileReference section */

/* Begin PBXFrameworksBuildPhase section */
		471C68C427D4F51600B12B71 /* Frameworks */ = {
			isa = PBXFrameworksBuildPhase;
			buildActionMask = 2147483647;
			files = (
				6252D8379984386E00A8119B /* libPods-Coffee_Cast..a in Frameworks */,
			);
			runOnlyForDeploymentPostprocessing = 0;
		};
/* End PBXFrameworksBuildPhase section */

/* Begin PBXGroup section */
		471C68BE27D4F51600B12B71 = {
			isa = PBXGroup;
			children = (
				471C68C927D4F51600B12B71 /* Coffee_Cast. */,
				471C68C827D4F51600B12B71 /* Products */,
				F50B41C0DABFA3B785F6DB7C /* Pods */,
				F7C3DA618E7D2EB0ED57A361 /* Frameworks */,
			);
			sourceTree = "<group>";
		};
		471C68C827D4F51600B12B71 /* Products */ = {
			isa = PBXGroup;
			children = (
				471C68C727D4F51600B12B71 /* Coffee_Cast..app */,
			);
			name = Products;
			sourceTree = "<group>";
		};
		471C68C927D4F51600B12B71 /* Coffee_Cast. */ = {
			isa = PBXGroup;
			children = (
				471C68DE27D4F54000B12B71 /* Utils */,
				471C68E127D4F59300B12B71 /* Resources */,
				471C68E227D4F5B400B12B71 /* Model */,
				471C68E327D4F5BB00B12B71 /* ViewModel */,
				471C68E427D4F5C800B12B71 /* View */,
				471C68E527D4F5D400B12B71 /* Controllers */,
				471C68D827D4F51700B12B71 /* Info.plist */,
				4715BF1F27DF090A00512D15 /* AuthManager.swift */,
			);
			path = Coffee_Cast.;
			sourceTree = "<group>";
		};
		471C68DE27D4F54000B12B71 /* Utils */ = {
			isa = PBXGroup;
			children = (
				471C68DF27D4F55D00B12B71 /* extension.swift */,
			);
			path = Utils;
			sourceTree = "<group>";
		};
		471C68E127D4F59300B12B71 /* Resources */ = {
			isa = PBXGroup;
			children = (
				471C68D327D4F51700B12B71 /* Assets.xcassets */,
				471C68CA27D4F51600B12B71 /* AppDelegate.swift */,
				471C68CC27D4F51600B12B71 /* SceneDelegate.swift */,
				4715BF1D27DF075000512D15 /* GoogleService-Info.plist */,
			);
			path = Resources;
			sourceTree = "<group>";
		};
		471C68E227D4F5B400B12B71 /* Model */ = {
			isa = PBXGroup;
			children = (
				471C68E627D4F6E500B12B71 /* Model.swift */,
			);
			path = Model;
			sourceTree = "<group>";
		};
		471C68E327D4F5BB00B12B71 /* ViewModel */ = {
			isa = PBXGroup;
			children = (
				471C68E827D4F6F400B12B71 /* ViewModel.swift */,
			);
			path = ViewModel;
			sourceTree = "<group>";
		};
		471C68E427D4F5C800B12B71 /* View */ = {
			isa = PBXGroup;
			children = (
				471C68D527D4F51700B12B71 /* LaunchScreen.storyboard */,
			);
			path = View;
			sourceTree = "<group>";
		};
		471C68E527D4F5D400B12B71 /* Controllers */ = {
			isa = PBXGroup;
			children = (
				471C68CE27D4F51600B12B71 /* ViewController.swift */,
			);
			path = Controllers;
			sourceTree = "<group>";
		};
		F50B41C0DABFA3B785F6DB7C /* Pods */ = {
			isa = PBXGroup;
			children = (
				FF7398AF98E0F06554697F06 /* Pods-Coffee_Cast..debug.xcconfig */,
				E8FFF1AAA739014B40884B4B /* Pods-Coffee_Cast..release.xcconfig */,
			);
			path = Pods;
			sourceTree = "<group>";
		};
		F7C3DA618E7D2EB0ED57A361 /* Frameworks */ = {
			isa = PBXGroup;
			children = (
				57B70A7B9E3D0CB870A0B663 /* libPods-Coffee_Cast..a */,
			);
			name = Frameworks;
			sourceTree = "<group>";
		};
/* End PBXGroup section */

/* Begin PBXNativeTarget section */
		471C68C627D4F51600B12B71 /* Coffee_Cast. */ = {
			isa = PBXNativeTarget;
			buildConfigurationList = 471C68DB27D4F51700B12B71 /* Build configuration list for PBXNativeTarget "Coffee_Cast." */;
			buildPhases = (
				DF569D2DCC0173147DC21396 /* [CP] Check Pods Manifest.lock */,
				471C68C327D4F51600B12B71 /* Sources */,
				471C68C427D4F51600B12B71 /* Frameworks */,
				471C68C527D4F51600B12B71 /* Resources */,
			);
			buildRules = (
			);
			dependencies = (
			);
			name = Coffee_Cast.;
			productName = Coffee_Cast.;
			productReference = 471C68C727D4F51600B12B71 /* Coffee_Cast..app */;
			productType = "com.apple.product-type.application";
		};
/* End PBXNativeTarget section */

/* Begin PBXProject section */
		471C68BF27D4F51600B12B71 /* Project object */ = {
			isa = PBXProject;
			attributes = {
				BuildIndependentTargetsInParallel = 1;
				LastSwiftUpdateCheck = 1320;
				LastUpgradeCheck = 1320;
				TargetAttributes = {
					471C68C627D4F51600B12B71 = {
						CreatedOnToolsVersion = 13.2.1;
					};
				};
			};
			buildConfigurationList = 471C68C227D4F51600B12B71 /* Build configuration list for PBXProject "Coffee_Cast." */;
			compatibilityVersion = "Xcode 13.0";
			developmentRegion = en;
			hasScannedForEncodings = 0;
			knownRegions = (
				en,
				Base,
			);
			mainGroup = 471C68BE27D4F51600B12B71;
			productRefGroup = 471C68C827D4F51600B12B71 /* Products */;
			projectDirPath = "";
			projectRoot = "";
			targets = (
				471C68C627D4F51600B12B71 /* Coffee_Cast. */,
			);
		};
/* End PBXProject section */

/* Begin PBXResourcesBuildPhase section */
		471C68C527D4F51600B12B71 /* Resources */ = {
			isa = PBXResourcesBuildPhase;
			buildActionMask = 2147483647;
			files = (
				471C68D727D4F51700B12B71 /* LaunchScreen.storyboard in Resources */,
				471C68D427D4F51700B12B71 /* Assets.xcassets in Resources */,
				4715BF1E27DF075000512D15 /* GoogleService-Info.plist in Resources */,
			);
			runOnlyForDeploymentPostprocessing = 0;
		};
/* End PBXResourcesBuildPhase section */

/* Begin PBXShellScriptBuildPhase section */
		DF569D2DCC0173147DC21396 /* [CP] Check Pods Manifest.lock */ = {
			isa = PBXShellScriptBuildPhase;
			buildActionMask = 2147483647;
			files = (
			);
			inputFileListPaths = (
			);
			inputPaths = (
				"${PODS_PODFILE_DIR_PATH}/Podfile.lock",
				"${PODS_ROOT}/Manifest.lock",
			);
			name = "[CP] Check Pods Manifest.lock";
			outputFileListPaths = (
			);
			outputPaths = (
				"$(DERIVED_FILE_DIR)/Pods-Coffee_Cast.-checkManifestLockResult.txt",
			);
			runOnlyForDeploymentPostprocessing = 0;
			shellPath = /bin/sh;
			shellScript = "diff \"${PODS_PODFILE_DIR_PATH}/Podfile.lock\" \"${PODS_ROOT}/Manifest.lock\" > /dev/null\nif [ $? != 0 ] ; then\n    # print error to STDERR\n    echo \"error: The sandbox is not in sync with the Podfile.lock. Run 'pod install' or update your CocoaPods installation.\" >&2\n    exit 1\nfi\n# This output is used by Xcode 'outputs' to avoid re-running this script phase.\necho \"SUCCESS\" > \"${SCRIPT_OUTPUT_FILE_0}\"\n";
			showEnvVarsInLog = 0;
		};
/* End PBXShellScriptBuildPhase section */

/* Begin PBXSourcesBuildPhase section */
		471C68C327D4F51600B12B71 /* Sources */ = {
			isa = PBXSourcesBuildPhase;
			buildActionMask = 2147483647;
			files = (
				471C68E727D4F6E500B12B71 /* Model.swift in Sources */,
				4715BF2027DF090A00512D15 /* AuthManager.swift in Sources */,
				471C68CF27D4F51600B12B71 /* ViewController.swift in Sources */,
				471C68CB27D4F51600B12B71 /* AppDelegate.swift in Sources */,
				471C68CD27D4F51600B12B71 /* SceneDelegate.swift in Sources */,
				471C68E927D4F6F400B12B71 /* ViewModel.swift in Sources */,
				471C68E027D4F55D00B12B71 /* extension.swift in Sources */,
			);
			runOnlyForDeploymentPostprocessing = 0;
		};
/* End PBXSourcesBuildPhase section */

/* Begin PBXVariantGroup section */
		471C68D527D4F51700B12B71 /* LaunchScreen.storyboard */ = {
			isa = PBXVariantGroup;
			children = (
				471C68D627D4F51700B12B71 /* Base */,
			);
			name = LaunchScreen.storyboard;
			sourceTree = "<group>";
		};
/* End PBXVariantGroup section */

/* Begin XCBuildConfiguration section */
		471C68D927D4F51700B12B71 /* Debug */ = {
			isa = XCBuildConfiguration;
			buildSettings = {
				ALWAYS_SEARCH_USER_PATHS = NO;
				CLANG_ANALYZER_NONNULL = YES;
				CLANG_ANALYZER_NUMBER_OBJECT_CONVERSION = YES_AGGRESSIVE;
				CLANG_CXX_LANGUAGE_STANDARD = "gnu++17";
				CLANG_CXX_LIBRARY = "libc++";
				CLANG_ENABLE_MODULES = YES;
				CLANG_ENABLE_OBJC_ARC = YES;
				CLANG_ENABLE_OBJC_WEAK = YES;
				CLANG_WARN_BLOCK_CAPTURE_AUTORELEASING = YES;
				CLANG_WARN_BOOL_CONVERSION = YES;
				CLANG_WARN_COMMA = YES;
				CLANG_WARN_CONSTANT_CONVERSION = YES;
				CLANG_WARN_DEPRECATED_OBJC_IMPLEMENTATIONS = YES;
				CLANG_WARN_DIRECT_OBJC_ISA_USAGE = YES_ERROR;
				CLANG_WARN_DOCUMENTATION_COMMENTS = YES;
				CLANG_WARN_EMPTY_BODY = YES;
				CLANG_WARN_ENUM_CONVERSION = YES;
				CLANG_WARN_INFINITE_RECURSION = YES;
				CLANG_WARN_INT_CONVERSION = YES;
				CLANG_WARN_NON_LITERAL_NULL_CONVERSION = YES;
				CLANG_WARN_OBJC_IMPLICIT_RETAIN_SELF = YES;
				CLANG_WARN_OBJC_LITERAL_CONVERSION = YES;
				CLANG_WARN_OBJC_ROOT_CLASS = YES_ERROR;
				CLANG_WARN_QUOTED_INCLUDE_IN_FRAMEWORK_HEADER = YES;
				CLANG_WARN_RANGE_LOOP_ANALYSIS = YES;
				CLANG_WARN_STRICT_PROTOTYPES = YES;
				CLANG_WARN_SUSPICIOUS_MOVE = YES;
				CLANG_WARN_UNGUARDED_AVAILABILITY = YES_AGGRESSIVE;
				CLANG_WARN_UNREACHABLE_CODE = YES;
				CLANG_WARN__DUPLICATE_METHOD_MATCH = YES;
				COPY_PHASE_STRIP = NO;
				DEBUG_INFORMATION_FORMAT = dwarf;
				ENABLE_STRICT_OBJC_MSGSEND = YES;
				ENABLE_TESTABILITY = YES;
				GCC_C_LANGUAGE_STANDARD = gnu11;
				GCC_DYNAMIC_NO_PIC = NO;
				GCC_NO_COMMON_BLOCKS = YES;
				GCC_OPTIMIZATION_LEVEL = 0;
				GCC_PREPROCESSOR_DEFINITIONS = (
					"DEBUG=1",
					"$(inherited)",
				);
				GCC_WARN_64_TO_32_BIT_CONVERSION = YES;
				GCC_WARN_ABOUT_RETURN_TYPE = YES_ERROR;
				GCC_WARN_UNDECLARED_SELECTOR = YES;
				GCC_WARN_UNINITIALIZED_AUTOS = YES_AGGRESSIVE;
				GCC_WARN_UNUSED_FUNCTION = YES;
				GCC_WARN_UNUSED_VARIABLE = YES;
				IPHONEOS_DEPLOYMENT_TARGET = 15.2;
				MTL_ENABLE_DEBUG_INFO = INCLUDE_SOURCE;
				MTL_FAST_MATH = YES;
				ONLY_ACTIVE_ARCH = YES;
				SDKROOT = iphoneos;
				SWIFT_ACTIVE_COMPILATION_CONDITIONS = DEBUG;
				SWIFT_OPTIMIZATION_LEVEL = "-Onone";
			};
			name = Debug;
		};
		471C68DA27D4F51700B12B71 /* Release */ = {
			isa = XCBuildConfiguration;
			buildSettings = {
				ALWAYS_SEARCH_USER_PATHS = NO;
				CLANG_ANALYZER_NONNULL = YES;
				CLANG_ANALYZER_NUMBER_OBJECT_CONVERSION = YES_AGGRESSIVE;
				CLANG_CXX_LANGUAGE_STANDARD = "gnu++17";
				CLANG_CXX_LIBRARY = "libc++";
				CLANG_ENABLE_MODULES = YES;
				CLANG_ENABLE_OBJC_ARC = YES;
				CLANG_ENABLE_OBJC_WEAK = YES;
				CLANG_WARN_BLOCK_CAPTURE_AUTORELEASING = YES;
				CLANG_WARN_BOOL_CONVERSION = YES;
				CLANG_WARN_COMMA = YES;
				CLANG_WARN_CONSTANT_CONVERSION = YES;
				CLANG_WARN_DEPRECATED_OBJC_IMPLEMENTATIONS = YES;
				CLANG_WARN_DIRECT_OBJC_ISA_USAGE = YES_ERROR;
				CLANG_WARN_DOCUMENTATION_COMMENTS = YES;
				CLANG_WARN_EMPTY_BODY = YES;
				CLANG_WARN_ENUM_CONVERSION = YES;
				CLANG_WARN_INFINITE_RECURSION = YES;
				CLANG_WARN_INT_CONVERSION = YES;
				CLANG_WARN_NON_LITERAL_NULL_CONVERSION = YES;
				CLANG_WARN_OBJC_IMPLICIT_RETAIN_SELF = YES;
				CLANG_WARN_OBJC_LITERAL_CONVERSION = YES;
				CLANG_WARN_OBJC_ROOT_CLASS = YES_ERROR;
				CLANG_WARN_QUOTED_INCLUDE_IN_FRAMEWORK_HEADER = YES;
				CLANG_WARN_RANGE_LOOP_ANALYSIS = YES;
				CLANG_WARN_STRICT_PROTOTYPES = YES;
				CLANG_WARN_SUSPICIOUS_MOVE = YES;
				CLANG_WARN_UNGUARDED_AVAILABILITY = YES_AGGRESSIVE;
				CLANG_WARN_UNREACHABLE_CODE = YES;
				CLANG_WARN__DUPLICATE_METHOD_MATCH = YES;
				COPY_PHASE_STRIP = NO;
				DEBUG_INFORMATION_FORMAT = "dwarf-with-dsym";
				ENABLE_NS_ASSERTIONS = NO;
				ENABLE_STRICT_OBJC_MSGSEND = YES;
				GCC_C_LANGUAGE_STANDARD = gnu11;
				GCC_NO_COMMON_BLOCKS = YES;
				GCC_WARN_64_TO_32_BIT_CONVERSION = YES;
				GCC_WARN_ABOUT_RETURN_TYPE = YES_ERROR;
				GCC_WARN_UNDECLARED_SELECTOR = YES;
				GCC_WARN_UNINITIALIZED_AUTOS = YES_AGGRESSIVE;
				GCC_WARN_UNUSED_FUNCTION = YES;
				GCC_WARN_UNUSED_VARIABLE = YES;
				IPHONEOS_DEPLOYMENT_TARGET = 15.2;
				MTL_ENABLE_DEBUG_INFO = NO;
				MTL_FAST_MATH = YES;
				SDKROOT = iphoneos;
				SWIFT_COMPILATION_MODE = wholemodule;
				SWIFT_OPTIMIZATION_LEVEL = "-O";
				VALIDATE_PRODUCT = YES;
			};
			name = Release;
		};
		471C68DC27D4F51700B12B71 /* Debug */ = {
			isa = XCBuildConfiguration;
			baseConfigurationReference = FF7398AF98E0F06554697F06 /* Pods-Coffee_Cast..debug.xcconfig */;
			buildSettings = {
				ASSETCATALOG_COMPILER_APPICON_NAME = AppIcon;
				ASSETCATALOG_COMPILER_GLOBAL_ACCENT_COLOR_NAME = AccentColor;
				CODE_SIGN_STYLE = Automatic;
				CURRENT_PROJECT_VERSION = 1;
				DEVELOPMENT_TEAM = 69M4234YMH;
				GENERATE_INFOPLIST_FILE = YES;
				INFOPLIST_FILE = Coffee_Cast./Info.plist;
				INFOPLIST_KEY_UIApplicationSupportsIndirectInputEvents = YES;
				INFOPLIST_KEY_UILaunchStoryboardName = LaunchScreen;
				INFOPLIST_KEY_UISupportedInterfaceOrientations_iPad = "UIInterfaceOrientationPortrait UIInterfaceOrientationPortraitUpsideDown UIInterfaceOrientationLandscapeLeft UIInterfaceOrientationLandscapeRight";
				INFOPLIST_KEY_UISupportedInterfaceOrientations_iPhone = "UIInterfaceOrientationPortrait UIInterfaceOrientationLandscapeLeft UIInterfaceOrientationLandscapeRight";
				IPHONEOS_DEPLOYMENT_TARGET = 13.0;
				LD_RUNPATH_SEARCH_PATHS = (
					"$(inherited)",
					"@executable_path/Frameworks",
				);
				MARKETING_VERSION = 1.0;
				PRODUCT_BUNDLE_IDENTIFIER = "com.beomsik.Coffee-Cast-";
				PRODUCT_NAME = "$(TARGET_NAME)";
				SWIFT_EMIT_LOC_STRINGS = YES;
				SWIFT_VERSION = 5.0;
				TARGETED_DEVICE_FAMILY = 1;
			};
			name = Debug;
		};
		471C68DD27D4F51700B12B71 /* Release */ = {
			isa = XCBuildConfiguration;
			baseConfigurationReference = E8FFF1AAA739014B40884B4B /* Pods-Coffee_Cast..release.xcconfig */;
			buildSettings = {
				ASSETCATALOG_COMPILER_APPICON_NAME = AppIcon;
				ASSETCATALOG_COMPILER_GLOBAL_ACCENT_COLOR_NAME = AccentColor;
				CODE_SIGN_STYLE = Automatic;
				CURRENT_PROJECT_VERSION = 1;
				DEVELOPMENT_TEAM = 69M4234YMH;
				GENERATE_INFOPLIST_FILE = YES;
				INFOPLIST_FILE = Coffee_Cast./Info.plist;
				INFOPLIST_KEY_UIApplicationSupportsIndirectInputEvents = YES;
				INFOPLIST_KEY_UILaunchStoryboardName = LaunchScreen;
				INFOPLIST_KEY_UISupportedInterfaceOrientations_iPad = "UIInterfaceOrientationPortrait UIInterfaceOrientationPortraitUpsideDown UIInterfaceOrientationLandscapeLeft UIInterfaceOrientationLandscapeRight";
				INFOPLIST_KEY_UISupportedInterfaceOrientations_iPhone = "UIInterfaceOrientationPortrait UIInterfaceOrientationLandscapeLeft UIInterfaceOrientationLandscapeRight";
				IPHONEOS_DEPLOYMENT_TARGET = 13.0;
				LD_RUNPATH_SEARCH_PATHS = (
					"$(inherited)",
					"@executable_path/Frameworks",
				);
				MARKETING_VERSION = 1.0;
				PRODUCT_BUNDLE_IDENTIFIER = "com.beomsik.Coffee-Cast-";
				PRODUCT_NAME = "$(TARGET_NAME)";
				SWIFT_EMIT_LOC_STRINGS = YES;
				SWIFT_VERSION = 5.0;
				TARGETED_DEVICE_FAMILY = 1;
			};
			name = Release;
		};
/* End XCBuildConfiguration section */

/* Begin XCConfigurationList section */
		471C68C227D4F51600B12B71 /* Build configuration list for PBXProject "Coffee_Cast." */ = {
			isa = XCConfigurationList;
			buildConfigurations = (
				471C68D927D4F51700B12B71 /* Debug */,
				471C68DA27D4F51700B12B71 /* Release */,
			);
			defaultConfigurationIsVisible = 0;
			defaultConfigurationName = Release;
		};
		471C68DB27D4F51700B12B71 /* Build configuration list for PBXNativeTarget "Coffee_Cast." */ = {
			isa = XCConfigurationList;
			buildConfigurations = (
				471C68DC27D4F51700B12B71 /* Debug */,
				471C68DD27D4F51700B12B71 /* Release */,
			);
			defaultConfigurationIsVisible = 0;
			defaultConfigurationName = Release;
		};
/* End XCConfigurationList section */
	};
	rootObject = 471C68BF27D4F51600B12B71 /* Project object */;
}
